{
    "name": "@pushcorn/http",
    "version": "0.9.1",
    "lockfileVersion": 2,
    "requires": true,
    "packages": {
        "": {
            "name": "@pushcorn/http",
            "version": "0.9.1",
            "license": "ISC",
            "peerDependencies": {
                "@pushcorn/nit": "github:pushcorn/nit#semver:^0.9.41"
            }
        },
        "node_modules/@pushcorn/nit": {
            "version": "0.9.41",
            "resolved": "git+ssh://git@github.com/pushcorn/nit.git#f0556d5aa60d3d77e3a6c365c18d2ee7c12fd97d",
            "license": "ISC",
            "peer": true,
            "bin": {
                "nit": "bin/nit"
            }
        }
    },
    "dependencies": {
        "@pushcorn/nit": {
            "version": "git+ssh://git@github.com/pushcorn/nit.git#f0556d5aa60d3d77e3a6c365c18d2ee7c12fd97d",
            "from": "@pushcorn/nit@github:pushcorn/nit#semver:^0.9.41",
            "peer": true
        }
    }
}
